
Microsoft Visual Studio Solution File, Format Version 12.00
# Visual Studio Version 16
VisualStudioVersion = 16.0.29503.13
MinimumVisualStudioVersion = 10.0.40219.1
Project("{FAE04EC0-301F-11D3-BF4B-00C04F79EFBC}") = "Générateur de mot de passe", "Générateur de mot de passe\Générateur de mot de passe.csproj", "{AB3A43BC-2012-4FAA-9CF2-F86787DB9E38}"
EndProject
Project("{54435603-DBB4-11D2-8724-00A0C9A8B90C}") = "Générateur de mot de passe - Setup", "Générateur de mot de passe - Setup\Générateur de mot de passe - Setup.vdproj", "{2AE656EF-63A7-4CFE-9DBB-D537956906DE}"
EndProject
Global
	GlobalSection(SolutionConfigurationPlatforms) = preSolution
		Debug|Any CPU = Debug|Any CPU
		Release|Any CPU = Release|Any CPU
	EndGlobalSection
	GlobalSection(ProjectConfigurationPlatforms) = postSolution
		{AB3A43BC-2012-4FAA-9CF2-F86787DB9E38}.Debug|Any CPU.ActiveCfg = Debug|Any CPU
		{AB3A43BC-2012-4FAA-9CF2-F86787DB9E38}.Debug|Any CPU.Build.0 = Debug|Any CPU
		{AB3A43BC-2012-4FAA-9CF2-F86787DB9E38}.Release|Any CPU.ActiveCfg = Release|Any CPU
		{AB3A43BC-2012-4FAA-9CF2-F86787DB9E38}.Release|Any CPU.Build.0 = Release|Any CPU
		{2AE656EF-63A7-4CFE-9DBB-D537956906DE}.Debug|Any CPU.ActiveCfg = Debug
		{2AE656EF-63A7-4CFE-9DBB-D537956906DE}.Release|Any CPU.ActiveCfg = Release
	EndGlobalSection
	GlobalSection(SolutionProperties) = preSolution
		HideSolutionNode = FALSE
	EndGlobalSection
	GlobalSection(ExtensibilityGlobals) = postSolution
		SolutionGuid = {BAB9B3F0-9A9B-47C6-A201-ACF029C1CF35}
	EndGlobalSection
EndGlobal
